
Microsoft Visual Studio Solution File, Format Version 12.00
# Visual Studio Version 17
VisualStudioVersion = 17.6.33723.286
MinimumVisualStudioVersion = 10.0.40219.1
Project("{FAE04EC0-301F-11D3-BF4B-00C04F79EFBC}") = "Zoo", "Zoo\Zoo.csproj", "{30C05A92-A869-474B-8227-DE2B52150A01}"
EndProject
Global
	GlobalSection(SolutionConfigurationPlatforms) = preSolution
		Debug|Any CPU = Debug|Any CPU
		Release|Any CPU = Release|Any CPU
	EndGlobalSection
	GlobalSection(ProjectConfigurationPlatforms) = postSolution
		{30C05A92-A869-474B-8227-DE2B52150A01}.Debug|Any CPU.ActiveCfg = Debug|Any CPU
		{30C05A92-A869-474B-8227-DE2B52150A01}.Debug|Any CPU.Build.0 = Debug|Any CPU
		{30C05A92-A869-474B-8227-DE2B52150A01}.Release|Any CPU.ActiveCfg = Release|Any CPU
		{30C05A92-A869-474B-8227-DE2B52150A01}.Release|Any CPU.Build.0 = Release|Any CPU
	EndGlobalSection
	GlobalSection(SolutionProperties) = preSolution
		HideSolutionNode = FALSE
	EndGlobalSection
	GlobalSection(ExtensibilityGlobals) = postSolution
		SolutionGuid = {32AF007A-19FE-42B7-B46A-E9E98F2ACF66}
	EndGlobalSection
EndGlobal
